
Microsoft Visual Studio Solution File, Format Version 12.00
# Visual Studio Version 16
VisualStudioVersion = 16.0.31112.23
MinimumVisualStudioVersion = 10.0.40219.1
Project("{FAE04EC0-301F-11D3-BF4B-00C04F79EFBC}") = "Elastic.Csv.Reader", "Elastic.Csv.Reader\Elastic.Csv.Reader.csproj", "{298699D9-3202-4F8E-8299-BCA3A8D70578}"
EndProject
Global
	GlobalSection(SolutionConfigurationPlatforms) = preSolution
		Debug|Any CPU = Debug|Any CPU
		Release|Any CPU = Release|Any CPU
	EndGlobalSection
	GlobalSection(ProjectConfigurationPlatforms) = postSolution
		{298699D9-3202-4F8E-8299-BCA3A8D70578}.Debug|Any CPU.ActiveCfg = Debug|Any CPU
		{298699D9-3202-4F8E-8299-BCA3A8D70578}.Debug|Any CPU.Build.0 = Debug|Any CPU
		{298699D9-3202-4F8E-8299-BCA3A8D70578}.Release|Any CPU.ActiveCfg = Release|Any CPU
		{298699D9-3202-4F8E-8299-BCA3A8D70578}.Release|Any CPU.Build.0 = Release|Any CPU
	EndGlobalSection
	GlobalSection(SolutionProperties) = preSolution
		HideSolutionNode = FALSE
	EndGlobalSection
	GlobalSection(ExtensibilityGlobals) = postSolution
		SolutionGuid = {4333F449-E2FC-4CA1-9849-C9ECFC8D4DB3}
	EndGlobalSection
EndGlobal
